
Microsoft Visual Studio Solution File, Format Version 12.00
# Visual Studio Version 17
VisualStudioVersion = 17.11.35303.130
MinimumVisualStudioVersion = 10.0.40219.1
Project("{9A19103F-16F7-4668-BE54-9A1E7A4F7556}") = "BankPortal", "BankPortal\BankPortal\BankPortal.csproj", "{9F822878-7B40-4E5E-B792-46B63022F867}"
EndProject
Project("{9A19103F-16F7-4668-BE54-9A1E7A4F7556}") = "TokenPortal", "TokenPortal\TokenPortal\TokenPortal.csproj", "{42C8E954-5580-4643-B5F6-F15F01C17B68}"
EndProject
Project("{9A19103F-16F7-4668-BE54-9A1E7A4F7556}") = "UserPortal", "UserPortal\UserPortal\UserPortal.csproj", "{3E65A181-0117-4466-9B87-EB9DDABD45AF}"
EndProject
Global
	GlobalSection(SolutionConfigurationPlatforms) = preSolution
		Debug|Any CPU = Debug|Any CPU
		Release|Any CPU = Release|Any CPU
	EndGlobalSection
	GlobalSection(ProjectConfigurationPlatforms) = postSolution
		{9F822878-7B40-4E5E-B792-46B63022F867}.Debug|Any CPU.ActiveCfg = Debug|Any CPU
		{9F822878-7B40-4E5E-B792-46B63022F867}.Debug|Any CPU.Build.0 = Debug|Any CPU
		{9F822878-7B40-4E5E-B792-46B63022F867}.Release|Any CPU.ActiveCfg = Release|Any CPU
		{9F822878-7B40-4E5E-B792-46B63022F867}.Release|Any CPU.Build.0 = Release|Any CPU
		{42C8E954-5580-4643-B5F6-F15F01C17B68}.Debug|Any CPU.ActiveCfg = Debug|Any CPU
		{42C8E954-5580-4643-B5F6-F15F01C17B68}.Debug|Any CPU.Build.0 = Debug|Any CPU
		{42C8E954-5580-4643-B5F6-F15F01C17B68}.Release|Any CPU.ActiveCfg = Release|Any CPU
		{42C8E954-5580-4643-B5F6-F15F01C17B68}.Release|Any CPU.Build.0 = Release|Any CPU
		{3E65A181-0117-4466-9B87-EB9DDABD45AF}.Debug|Any CPU.ActiveCfg = Debug|Any CPU
		{3E65A181-0117-4466-9B87-EB9DDABD45AF}.Debug|Any CPU.Build.0 = Debug|Any CPU
		{3E65A181-0117-4466-9B87-EB9DDABD45AF}.Release|Any CPU.ActiveCfg = Release|Any CPU
		{3E65A181-0117-4466-9B87-EB9DDABD45AF}.Release|Any CPU.Build.0 = Release|Any CPU
	EndGlobalSection
	GlobalSection(SolutionProperties) = preSolution
		HideSolutionNode = FALSE
	EndGlobalSection
	GlobalSection(ExtensibilityGlobals) = postSolution
		SolutionGuid = {F3606787-C503-48E0-8708-3786144080F1}
	EndGlobalSection
EndGlobal
